
Microsoft Visual Studio Solution File, Format Version 12.00
# Visual Studio Version 16
VisualStudioVersion = 16.0.29424.173
MinimumVisualStudioVersion = 10.0.40219.1
Project("{FAE04EC0-301F-11D3-BF4B-00C04F79EFBC}") = "Calculadora simple", "M07_ACT1\Calculadora simple.csproj", "{80D3AB07-2120-41C1-BFED-A3FFF1B989E3}"
EndProject
Global
	GlobalSection(SolutionConfigurationPlatforms) = preSolution
		Debug|Any CPU = Debug|Any CPU
		Release|Any CPU = Release|Any CPU
	EndGlobalSection
	GlobalSection(ProjectConfigurationPlatforms) = postSolution
		{80D3AB07-2120-41C1-BFED-A3FFF1B989E3}.Debug|Any CPU.ActiveCfg = Debug|Any CPU
		{80D3AB07-2120-41C1-BFED-A3FFF1B989E3}.Debug|Any CPU.Build.0 = Debug|Any CPU
		{80D3AB07-2120-41C1-BFED-A3FFF1B989E3}.Release|Any CPU.ActiveCfg = Release|Any CPU
		{80D3AB07-2120-41C1-BFED-A3FFF1B989E3}.Release|Any CPU.Build.0 = Release|Any CPU
	EndGlobalSection
	GlobalSection(SolutionProperties) = preSolution
		HideSolutionNode = FALSE
	EndGlobalSection
	GlobalSection(ExtensibilityGlobals) = postSolution
		SolutionGuid = {FB95967A-7312-46AD-AB90-98B2E75EAAF6}
	EndGlobalSection
EndGlobal
